{
  "pins" : [
    {
      "identity" : "pow",
      "kind" : "remoteSourceControl",
      "location" : "https://github.com/movingparts-io/Pow",
      "state" : {
        "branch" : "release/0.3.0",
        "revision" : "8cb399c1749cd2344799f3697b7e6a6ce8a2a1ed"
      }
    }
  ],
  "version" : 2
}
