{
  "pins" : [
    {
      "identity" : "pow",
      "kind" : "remoteSourceControl",
      "location" : "https://github.com/movingparts-io/Pow",
      "state" : {
        "branch" : "release/0.2.0",
        "revision" : "ff7bc50b664dcb7000028b63cc389a879ac95a2c"
      }
    }
  ],
  "version" : 2
}
