{
  "pins" : [
    {
      "identity" : "pow",
      "kind" : "remoteSourceControl",
      "location" : "https://github.com/movingparts-io/Pow",
      "state" : {
        "branch" : "release/0.2.0",
        "revision" : "a2d34f4021ecac0d7d8f454f50fa8eecdc984175"
      }
    }
  ],
  "version" : 2
}
